
Microsoft Visual Studio Solution File, Format Version 12.00
# Visual Studio Version 17
VisualStudioVersion = 17.7.34031.279
MinimumVisualStudioVersion = 10.0.40219.1
Project("{FAE04EC0-301F-11D3-BF4B-00C04F79EFBC}") = "HelloWorld", "HelloWorld.csproj", "{B98FC051-8D7C-4CA1-B6B1-F98268AE148E}"
EndProject
Global
	GlobalSection(SolutionConfigurationPlatforms) = preSolution
		Debug|Any CPU = Debug|Any CPU
		Release|Any CPU = Release|Any CPU
	EndGlobalSection
	GlobalSection(ProjectConfigurationPlatforms) = postSolution
		{B98FC051-8D7C-4CA1-B6B1-F98268AE148E}.Debug|Any CPU.ActiveCfg = Debug|Any CPU
		{B98FC051-8D7C-4CA1-B6B1-F98268AE148E}.Debug|Any CPU.Build.0 = Debug|Any CPU
		{B98FC051-8D7C-4CA1-B6B1-F98268AE148E}.Release|Any CPU.ActiveCfg = Release|Any CPU
		{B98FC051-8D7C-4CA1-B6B1-F98268AE148E}.Release|Any CPU.Build.0 = Release|Any CPU
	EndGlobalSection
	GlobalSection(SolutionProperties) = preSolution
		HideSolutionNode = FALSE
	EndGlobalSection
	GlobalSection(ExtensibilityGlobals) = postSolution
		SolutionGuid = {A16D228E-0C8A-427B-8631-ED59364F7B5F}
	EndGlobalSection
EndGlobal
